
Microsoft Visual Studio Solution File, Format Version 12.00
# Visual Studio Version 16
VisualStudioVersion = 16.0.31410.357
MinimumVisualStudioVersion = 10.0.40219.1
Project("{FAE04EC0-301F-11D3-BF4B-00C04F79EFBC}") = "CarRental.Api", "CarRental.Api\CarRental.Api.csproj", "{7A25D60C-825A-4454-A3ED-C7534F4351A7}"
EndProject
Global
	GlobalSection(SolutionConfigurationPlatforms) = preSolution
		Debug|Any CPU = Debug|Any CPU
		Release|Any CPU = Release|Any CPU
	EndGlobalSection
	GlobalSection(ProjectConfigurationPlatforms) = postSolution
		{7A25D60C-825A-4454-A3ED-C7534F4351A7}.Debug|Any CPU.ActiveCfg = Debug|Any CPU
		{7A25D60C-825A-4454-A3ED-C7534F4351A7}.Debug|Any CPU.Build.0 = Debug|Any CPU
		{7A25D60C-825A-4454-A3ED-C7534F4351A7}.Release|Any CPU.ActiveCfg = Release|Any CPU
		{7A25D60C-825A-4454-A3ED-C7534F4351A7}.Release|Any CPU.Build.0 = Release|Any CPU
	EndGlobalSection
	GlobalSection(SolutionProperties) = preSolution
		HideSolutionNode = FALSE
	EndGlobalSection
	GlobalSection(ExtensibilityGlobals) = postSolution
		SolutionGuid = {853BEB8E-7A11-4312-9E43-74FA55468B42}
	EndGlobalSection
EndGlobal
